// !$*UTF8*$!
{
	archiveVersion = 1;
	classes = {
	};
	objectVersion = 56;
	objects = {

/* Begin PBXBuildFile section */
		84063A9B29C3351A00535547 /* GameFestApp.swift in Sources */ = {isa = PBXBuildFile; fileRef = 84063A9A29C3351A00535547 /* GameFestApp.swift */; };
		84063A9D29C3351A00535547 /* LoginView.swift in Sources */ = {isa = PBXBuildFile; fileRef = 84063A9C29C3351A00535547 /* LoginView.swift */; };
		84063A9F29C3352100535547 /* Assets.xcassets in Resources */ = {isa = PBXBuildFile; fileRef = 84063A9E29C3352100535547 /* Assets.xcassets */; };
		84063AA229C3352100535547 /* Preview Assets.xcassets in Resources */ = {isa = PBXBuildFile; fileRef = 84063AA129C3352100535547 /* Preview Assets.xcassets */; };
		84063AA929C33BD300535547 /* SignUpView.swift in Sources */ = {isa = PBXBuildFile; fileRef = 84063AA829C33BD300535547 /* SignUpView.swift */; };
		84068B6B29CDBF0600F3E360 /* BenevoleDashboardViewModel.swift in Sources */ = {isa = PBXBuildFile; fileRef = 84068B6A29CDBF0500F3E360 /* BenevoleDashboardViewModel.swift */; };
		84068B6D29CDC90E00F3E360 /* ModifierAffectationView.swift in Sources */ = {isa = PBXBuildFile; fileRef = 84068B6C29CDC90E00F3E360 /* ModifierAffectationView.swift */; };
		84068B6F29CDC94B00F3E360 /* ModifierDisponibilitesView.swift in Sources */ = {isa = PBXBuildFile; fileRef = 84068B6E29CDC94B00F3E360 /* ModifierDisponibilitesView.swift */; };
		84068B7129CDCD1300F3E360 /* AffectationViewModel.swift in Sources */ = {isa = PBXBuildFile; fileRef = 84068B7029CDCD1300F3E360 /* AffectationViewModel.swift */; };
		84068B7329CDE04900F3E360 /* AffectationModel.swift in Sources */ = {isa = PBXBuildFile; fileRef = 84068B7229CDE04900F3E360 /* AffectationModel.swift */; };
		84068B7529CDE2A800F3E360 /* ModifierAffectationViewModel.swift in Sources */ = {isa = PBXBuildFile; fileRef = 84068B7429CDE2A800F3E360 /* ModifierAffectationViewModel.swift */; };
		84068B7729CDE3C600F3E360 /* AffectationListViewModel.swift in Sources */ = {isa = PBXBuildFile; fileRef = 84068B7629CDE3C600F3E360 /* AffectationListViewModel.swift */; };
		84068B7929CE05DF00F3E360 /* BenevoleModel.swift in Sources */ = {isa = PBXBuildFile; fileRef = 84068B7829CE05DF00F3E360 /* BenevoleModel.swift */; };
		8432E90029CF092E00B648A7 /* AuthRequests.swift in Sources */ = {isa = PBXBuildFile; fileRef = 8432E8FF29CF092E00B648A7 /* AuthRequests.swift */; };
		8432E90229CF5B4100B648A7 /* Creneau.swift in Sources */ = {isa = PBXBuildFile; fileRef = 8432E90129CF5B4100B648A7 /* Creneau.swift */; };
		8432E90429CF5CE600B648A7 /* FestivalModel.swift in Sources */ = {isa = PBXBuildFile; fileRef = 8432E90329CF5CE600B648A7 /* FestivalModel.swift */; };
		8432E90729D06ADB00B648A7 /* ListeFestivalsView.swift in Sources */ = {isa = PBXBuildFile; fileRef = 8432E90629D06ADB00B648A7 /* ListeFestivalsView.swift */; };
		8432E90929D06B5500B648A7 /* ListeFestivalsViewModel.swift in Sources */ = {isa = PBXBuildFile; fileRef = 8432E90829D06B5500B648A7 /* ListeFestivalsViewModel.swift */; };
		8432E90B29D080FB00B648A7 /* ModifierDisponibilitesViewModel.swift in Sources */ = {isa = PBXBuildFile; fileRef = 8432E90A29D080FB00B648A7 /* ModifierDisponibilitesViewModel.swift */; };
		8432E90D29D081D700B648A7 /* BenevoleViewModel.swift in Sources */ = {isa = PBXBuildFile; fileRef = 8432E90C29D081D700B648A7 /* BenevoleViewModel.swift */; };
		84B6CF8A29CCF84800503E09 /* AdminDashboardView.swift in Sources */ = {isa = PBXBuildFile; fileRef = 84B6CF8929CCF84800503E09 /* AdminDashboardView.swift */; };
		84BF105829D856BD0096F0F2 /* AdminDashboardViewModel.swift in Sources */ = {isa = PBXBuildFile; fileRef = 84BF105729D856BD0096F0F2 /* AdminDashboardViewModel.swift */; };
		84BF105A29D85BB30096F0F2 /* ListeBenevolesFestivalView.swift in Sources */ = {isa = PBXBuildFile; fileRef = 84BF105929D85BB30096F0F2 /* ListeBenevolesFestivalView.swift */; };
		84BF105C29D85BC50096F0F2 /* ListeZonesFestivalView.swift in Sources */ = {isa = PBXBuildFile; fileRef = 84BF105B29D85BC50096F0F2 /* ListeZonesFestivalView.swift */; };
		84BF105E29D85C160096F0F2 /* ListeBenevolesFestivalViewModel.swift in Sources */ = {isa = PBXBuildFile; fileRef = 84BF105D29D85C160096F0F2 /* ListeBenevolesFestivalViewModel.swift */; };
		84BF106029D85C780096F0F2 /* FestivalViewModel.swift in Sources */ = {isa = PBXBuildFile; fileRef = 84BF105F29D85C780096F0F2 /* FestivalViewModel.swift */; };
		84BF106229D864BB0096F0F2 /* BenevoleJSON.swift in Sources */ = {isa = PBXBuildFile; fileRef = 84BF106129D864BB0096F0F2 /* BenevoleJSON.swift */; };
		84BF106429D8691C0096F0F2 /* ListeZonesFestivalViewModel.swift in Sources */ = {isa = PBXBuildFile; fileRef = 84BF106329D8691C0096F0F2 /* ListeZonesFestivalViewModel.swift */; };
		84BF106629D86ACB0096F0F2 /* ZoneViewModel.swift in Sources */ = {isa = PBXBuildFile; fileRef = 84BF106529D86ACB0096F0F2 /* ZoneViewModel.swift */; };
		84BF106829D873D90096F0F2 /* ModifierZoneView.swift in Sources */ = {isa = PBXBuildFile; fileRef = 84BF106729D873D90096F0F2 /* ModifierZoneView.swift */; };
		84BF106A29D874270096F0F2 /* ModifierZoneViewModel.swift in Sources */ = {isa = PBXBuildFile; fileRef = 84BF106929D874270096F0F2 /* ModifierZoneViewModel.swift */; };
		84BF106C29D8764B0096F0F2 /* ZoneRequests.swift in Sources */ = {isa = PBXBuildFile; fileRef = 84BF106B29D8764B0096F0F2 /* ZoneRequests.swift */; };
		84BF106E29D87E570096F0F2 /* CreateZoneView.swift in Sources */ = {isa = PBXBuildFile; fileRef = 84BF106D29D87E570096F0F2 /* CreateZoneView.swift */; };
		84BF107029D87F2B0096F0F2 /* CreateZoneViewModel.swift in Sources */ = {isa = PBXBuildFile; fileRef = 84BF106F29D87F2B0096F0F2 /* CreateZoneViewModel.swift */; };
		84BF107229D908CE0096F0F2 /* AffectationRequests.swift in Sources */ = {isa = PBXBuildFile; fileRef = 84BF107129D908CE0096F0F2 /* AffectationRequests.swift */; };
		84C50A9E29C44D9F00B0D2B6 /* Color+Extensions.swift in Sources */ = {isa = PBXBuildFile; fileRef = 84C50A9D29C44D9F00B0D2B6 /* Color+Extensions.swift */; };
		84C50AA029C4781E00B0D2B6 /* BenevoleDashboardView.swift in Sources */ = {isa = PBXBuildFile; fileRef = 84C50A9F29C4781E00B0D2B6 /* BenevoleDashboardView.swift */; };
		84D1ADA529D5C1DE00FAA040 /* BenevoleRequests.swift in Sources */ = {isa = PBXBuildFile; fileRef = 84D1ADA429D5C1DE00FAA040 /* BenevoleRequests.swift */; };
		84D1ADA829D5C7AD00FAA040 /* AffectationJSON.swift in Sources */ = {isa = PBXBuildFile; fileRef = 84D1ADA729D5C7AD00FAA040 /* AffectationJSON.swift */; };
		84D1ADAA29D6408000FAA040 /* FestivalJSON.swift in Sources */ = {isa = PBXBuildFile; fileRef = 84D1ADA929D6408000FAA040 /* FestivalJSON.swift */; };
		84D1ADAC29D6EFEE00FAA040 /* FestivalRequests.swift in Sources */ = {isa = PBXBuildFile; fileRef = 84D1ADAB29D6EFEE00FAA040 /* FestivalRequests.swift */; };
		84D1ADAE29D6F07E00FAA040 /* Zone.swift in Sources */ = {isa = PBXBuildFile; fileRef = 84D1ADAD29D6F07E00FAA040 /* Zone.swift */; };
		84D1ADB129D7945D00FAA040 /* CreateFestivalViewModel.swift in Sources */ = {isa = PBXBuildFile; fileRef = 84D1ADB029D7945D00FAA040 /* CreateFestivalViewModel.swift */; };
		84D1ADB429D7947500FAA040 /* CreateFestivalView.swift in Sources */ = {isa = PBXBuildFile; fileRef = 84D1ADB329D7947500FAA040 /* CreateFestivalView.swift */; };
		84EA934829C53DE7005F63DD /* LoginViewModel.swift in Sources */ = {isa = PBXBuildFile; fileRef = 84EA934729C53DE7005F63DD /* LoginViewModel.swift */; };
		84EA934C29C5465C005F63DD /* LoginResponse.swift in Sources */ = {isa = PBXBuildFile; fileRef = 84EA934B29C5465C005F63DD /* LoginResponse.swift */; };
		84EA935229C55365005F63DD /* SignUpResponse.swift in Sources */ = {isa = PBXBuildFile; fileRef = 84EA935129C55365005F63DD /* SignUpResponse.swift */; };
		84EA935429C5546C005F63DD /* SignUpViewModel.swift in Sources */ = {isa = PBXBuildFile; fileRef = 84EA935329C5546C005F63DD /* SignUpViewModel.swift */; };
/* End PBXBuildFile section */

/* Begin PBXFileReference section */
		84063A9729C3351A00535547 /* GameFest.app */ = {isa = PBXFileReference; explicitFileType = wrapper.application; includeInIndex = 0; path = GameFest.app; sourceTree = BUILT_PRODUCTS_DIR; };
		84063A9A29C3351A00535547 /* GameFestApp.swift */ = {isa = PBXFileReference; lastKnownFileType = sourcecode.swift; path = GameFestApp.swift; sourceTree = "<group>"; };
		84063A9C29C3351A00535547 /* LoginView.swift */ = {isa = PBXFileReference; lastKnownFileType = sourcecode.swift; path = LoginView.swift; sourceTree = "<group>"; };
		84063A9E29C3352100535547 /* Assets.xcassets */ = {isa = PBXFileReference; lastKnownFileType = folder.assetcatalog; path = Assets.xcassets; sourceTree = "<group>"; };
		84063AA129C3352100535547 /* Preview Assets.xcassets */ = {isa = PBXFileReference; lastKnownFileType = folder.assetcatalog; path = "Preview Assets.xcassets"; sourceTree = "<group>"; };
		84063AA829C33BD300535547 /* SignUpView.swift */ = {isa = PBXFileReference; lastKnownFileType = sourcecode.swift; path = SignUpView.swift; sourceTree = "<group>"; };
		84068B6A29CDBF0500F3E360 /* BenevoleDashboardViewModel.swift */ = {isa = PBXFileReference; lastKnownFileType = sourcecode.swift; path = BenevoleDashboardViewModel.swift; sourceTree = "<group>"; };
		84068B6C29CDC90E00F3E360 /* ModifierAffectationView.swift */ = {isa = PBXFileReference; lastKnownFileType = sourcecode.swift; path = ModifierAffectationView.swift; sourceTree = "<group>"; };
		84068B6E29CDC94B00F3E360 /* ModifierDisponibilitesView.swift */ = {isa = PBXFileReference; lastKnownFileType = sourcecode.swift; path = ModifierDisponibilitesView.swift; sourceTree = "<group>"; };
		84068B7029CDCD1300F3E360 /* AffectationViewModel.swift */ = {isa = PBXFileReference; lastKnownFileType = sourcecode.swift; path = AffectationViewModel.swift; sourceTree = "<group>"; };
		84068B7229CDE04900F3E360 /* AffectationModel.swift */ = {isa = PBXFileReference; lastKnownFileType = sourcecode.swift; path = AffectationModel.swift; sourceTree = "<group>"; };
		84068B7429CDE2A800F3E360 /* ModifierAffectationViewModel.swift */ = {isa = PBXFileReference; lastKnownFileType = sourcecode.swift; path = ModifierAffectationViewModel.swift; sourceTree = "<group>"; };
		84068B7629CDE3C600F3E360 /* AffectationListViewModel.swift */ = {isa = PBXFileReference; lastKnownFileType = sourcecode.swift; path = AffectationListViewModel.swift; sourceTree = "<group>"; };
		84068B7829CE05DF00F3E360 /* BenevoleModel.swift */ = {isa = PBXFileReference; lastKnownFileType = sourcecode.swift; path = BenevoleModel.swift; sourceTree = "<group>"; };
		8432E8FF29CF092E00B648A7 /* AuthRequests.swift */ = {isa = PBXFileReference; lastKnownFileType = sourcecode.swift; path = AuthRequests.swift; sourceTree = "<group>"; };
		8432E90129CF5B4100B648A7 /* Creneau.swift */ = {isa = PBXFileReference; lastKnownFileType = sourcecode.swift; path = Creneau.swift; sourceTree = "<group>"; };
		8432E90329CF5CE600B648A7 /* FestivalModel.swift */ = {isa = PBXFileReference; lastKnownFileType = sourcecode.swift; path = FestivalModel.swift; sourceTree = "<group>"; };
		8432E90629D06ADB00B648A7 /* ListeFestivalsView.swift */ = {isa = PBXFileReference; lastKnownFileType = sourcecode.swift; path = ListeFestivalsView.swift; sourceTree = "<group>"; };
		8432E90829D06B5500B648A7 /* ListeFestivalsViewModel.swift */ = {isa = PBXFileReference; lastKnownFileType = sourcecode.swift; path = ListeFestivalsViewModel.swift; sourceTree = "<group>"; };
		8432E90A29D080FB00B648A7 /* ModifierDisponibilitesViewModel.swift */ = {isa = PBXFileReference; lastKnownFileType = sourcecode.swift; path = ModifierDisponibilitesViewModel.swift; sourceTree = "<group>"; };
		8432E90C29D081D700B648A7 /* BenevoleViewModel.swift */ = {isa = PBXFileReference; lastKnownFileType = sourcecode.swift; path = BenevoleViewModel.swift; sourceTree = "<group>"; };
		84B6CF8929CCF84800503E09 /* AdminDashboardView.swift */ = {isa = PBXFileReference; lastKnownFileType = sourcecode.swift; path = AdminDashboardView.swift; sourceTree = "<group>"; };
		84BF105729D856BD0096F0F2 /* AdminDashboardViewModel.swift */ = {isa = PBXFileReference; lastKnownFileType = sourcecode.swift; path = AdminDashboardViewModel.swift; sourceTree = "<group>"; };
		84BF105929D85BB30096F0F2 /* ListeBenevolesFestivalView.swift */ = {isa = PBXFileReference; lastKnownFileType = sourcecode.swift; path = ListeBenevolesFestivalView.swift; sourceTree = "<group>"; };
		84BF105B29D85BC50096F0F2 /* ListeZonesFestivalView.swift */ = {isa = PBXFileReference; lastKnownFileType = sourcecode.swift; path = ListeZonesFestivalView.swift; sourceTree = "<group>"; };
		84BF105D29D85C160096F0F2 /* ListeBenevolesFestivalViewModel.swift */ = {isa = PBXFileReference; lastKnownFileType = sourcecode.swift; path = ListeBenevolesFestivalViewModel.swift; sourceTree = "<group>"; };
		84BF105F29D85C780096F0F2 /* FestivalViewModel.swift */ = {isa = PBXFileReference; lastKnownFileType = sourcecode.swift; path = FestivalViewModel.swift; sourceTree = "<group>"; };
		84BF106129D864BB0096F0F2 /* BenevoleJSON.swift */ = {isa = PBXFileReference; lastKnownFileType = sourcecode.swift; path = BenevoleJSON.swift; sourceTree = "<group>"; };
		84BF106329D8691C0096F0F2 /* ListeZonesFestivalViewModel.swift */ = {isa = PBXFileReference; lastKnownFileType = sourcecode.swift; path = ListeZonesFestivalViewModel.swift; sourceTree = "<group>"; };
		84BF106529D86ACB0096F0F2 /* ZoneViewModel.swift */ = {isa = PBXFileReference; lastKnownFileType = sourcecode.swift; path = ZoneViewModel.swift; sourceTree = "<group>"; };
		84BF106729D873D90096F0F2 /* ModifierZoneView.swift */ = {isa = PBXFileReference; lastKnownFileType = sourcecode.swift; path = ModifierZoneView.swift; sourceTree = "<group>"; };
		84BF106929D874270096F0F2 /* ModifierZoneViewModel.swift */ = {isa = PBXFileReference; lastKnownFileType = sourcecode.swift; path = ModifierZoneViewModel.swift; sourceTree = "<group>"; };
		84BF106B29D8764B0096F0F2 /* ZoneRequests.swift */ = {isa = PBXFileReference; lastKnownFileType = sourcecode.swift; path = ZoneRequests.swift; sourceTree = "<group>"; };
		84BF106D29D87E570096F0F2 /* CreateZoneView.swift */ = {isa = PBXFileReference; lastKnownFileType = sourcecode.swift; path = CreateZoneView.swift; sourceTree = "<group>"; };
		84BF106F29D87F2B0096F0F2 /* CreateZoneViewModel.swift */ = {isa = PBXFileReference; lastKnownFileType = sourcecode.swift; path = CreateZoneViewModel.swift; sourceTree = "<group>"; };
		84BF107129D908CE0096F0F2 /* AffectationRequests.swift */ = {isa = PBXFileReference; lastKnownFileType = sourcecode.swift; path = AffectationRequests.swift; sourceTree = "<group>"; };
		84C50A9D29C44D9F00B0D2B6 /* Color+Extensions.swift */ = {isa = PBXFileReference; lastKnownFileType = sourcecode.swift; path = "Color+Extensions.swift"; sourceTree = "<group>"; };
		84C50A9F29C4781E00B0D2B6 /* BenevoleDashboardView.swift */ = {isa = PBXFileReference; lastKnownFileType = sourcecode.swift; path = BenevoleDashboardView.swift; sourceTree = "<group>"; };
		84D1ADA429D5C1DE00FAA040 /* BenevoleRequests.swift */ = {isa = PBXFileReference; lastKnownFileType = sourcecode.swift; path = BenevoleRequests.swift; sourceTree = "<group>"; };
		84D1ADA729D5C7AD00FAA040 /* AffectationJSON.swift */ = {isa = PBXFileReference; lastKnownFileType = sourcecode.swift; path = AffectationJSON.swift; sourceTree = "<group>"; };
		84D1ADA929D6408000FAA040 /* FestivalJSON.swift */ = {isa = PBXFileReference; lastKnownFileType = sourcecode.swift; path = FestivalJSON.swift; sourceTree = "<group>"; };
		84D1ADAB29D6EFEE00FAA040 /* FestivalRequests.swift */ = {isa = PBXFileReference; lastKnownFileType = sourcecode.swift; path = FestivalRequests.swift; sourceTree = "<group>"; };
		84D1ADAD29D6F07E00FAA040 /* Zone.swift */ = {isa = PBXFileReference; lastKnownFileType = sourcecode.swift; path = Zone.swift; sourceTree = "<group>"; };
		84D1ADB029D7945D00FAA040 /* CreateFestivalViewModel.swift */ = {isa = PBXFileReference; lastKnownFileType = sourcecode.swift; path = CreateFestivalViewModel.swift; sourceTree = "<group>"; };
		84D1ADB329D7947500FAA040 /* CreateFestivalView.swift */ = {isa = PBXFileReference; lastKnownFileType = sourcecode.swift; path = CreateFestivalView.swift; sourceTree = "<group>"; };
		84EA934729C53DE7005F63DD /* LoginViewModel.swift */ = {isa = PBXFileReference; lastKnownFileType = sourcecode.swift; path = LoginViewModel.swift; sourceTree = "<group>"; };
		84EA934B29C5465C005F63DD /* LoginResponse.swift */ = {isa = PBXFileReference; lastKnownFileType = sourcecode.swift; path = LoginResponse.swift; sourceTree = "<group>"; };
		84EA935129C55365005F63DD /* SignUpResponse.swift */ = {isa = PBXFileReference; lastKnownFileType = sourcecode.swift; path = SignUpResponse.swift; sourceTree = "<group>"; };
		84EA935329C5546C005F63DD /* SignUpViewModel.swift */ = {isa = PBXFileReference; lastKnownFileType = sourcecode.swift; path = SignUpViewModel.swift; sourceTree = "<group>"; };
/* End PBXFileReference section */

/* Begin PBXFrameworksBuildPhase section */
		84063A9429C3351A00535547 /* Frameworks */ = {
			isa = PBXFrameworksBuildPhase;
			buildActionMask = 2147483647;
			files = (
			);
			runOnlyForDeploymentPostprocessing = 0;
		};
/* End PBXFrameworksBuildPhase section */

/* Begin PBXGroup section */
		84063A8E29C3351900535547 = {
			isa = PBXGroup;
			children = (
				84063A9929C3351A00535547 /* GameFest */,
				84063A9829C3351A00535547 /* Products */,
			);
			sourceTree = "<group>";
		};
		84063A9829C3351A00535547 /* Products */ = {
			isa = PBXGroup;
			children = (
				84063A9729C3351A00535547 /* GameFest.app */,
			);
			name = Products;
			sourceTree = "<group>";
		};
		84063A9929C3351A00535547 /* GameFest */ = {
			isa = PBXGroup;
			children = (
				84D1ADA629D5C79400FAA040 /* DTO */,
				8432E8FE29CF082800B648A7 /* APIRequests */,
				84EA934D29C5490B005F63DD /* Models */,
				84EA934E29C54915005F63DD /* ViewModels */,
				84EA935029C5492C005F63DD /* Views */,
				84063A9A29C3351A00535547 /* GameFestApp.swift */,
				84EA934F29C54925005F63DD /* Extensions */,
				84063A9E29C3352100535547 /* Assets.xcassets */,
				84063AA029C3352100535547 /* Preview Content */,
			);
			path = GameFest;
			sourceTree = "<group>";
		};
		84063AA029C3352100535547 /* Preview Content */ = {
			isa = PBXGroup;
			children = (
				84063AA129C3352100535547 /* Preview Assets.xcassets */,
			);
			path = "Preview Content";
			sourceTree = "<group>";
		};
		8432E8FB29CF07B400B648A7 /* Benevoles */ = {
			isa = PBXGroup;
			children = (
				84068B6A29CDBF0500F3E360 /* BenevoleDashboardViewModel.swift */,
				84068B7029CDCD1300F3E360 /* AffectationViewModel.swift */,
				84068B7429CDE2A800F3E360 /* ModifierAffectationViewModel.swift */,
				84068B7629CDE3C600F3E360 /* AffectationListViewModel.swift */,
				8432E90A29D080FB00B648A7 /* ModifierDisponibilitesViewModel.swift */,
				8432E90C29D081D700B648A7 /* BenevoleViewModel.swift */,
			);
			path = Benevoles;
			sourceTree = "<group>";
		};
		8432E8FC29CF07C600B648A7 /* Benevoles */ = {
			isa = PBXGroup;
			children = (
				84068B7229CDE04900F3E360 /* AffectationModel.swift */,
				84068B7829CE05DF00F3E360 /* BenevoleModel.swift */,
			);
			path = Benevoles;
			sourceTree = "<group>";
		};
		8432E8FD29CF07D200B648A7 /* Benevoles */ = {
			isa = PBXGroup;
			children = (
				84C50A9F29C4781E00B0D2B6 /* BenevoleDashboardView.swift */,
				84068B6C29CDC90E00F3E360 /* ModifierAffectationView.swift */,
				84068B6E29CDC94B00F3E360 /* ModifierDisponibilitesView.swift */,
			);
			path = Benevoles;
			sourceTree = "<group>";
		};
		8432E8FE29CF082800B648A7 /* APIRequests */ = {
			isa = PBXGroup;
			children = (
				8432E8FF29CF092E00B648A7 /* AuthRequests.swift */,
				84D1ADA429D5C1DE00FAA040 /* BenevoleRequests.swift */,
				84D1ADAB29D6EFEE00FAA040 /* FestivalRequests.swift */,
				84BF106B29D8764B0096F0F2 /* ZoneRequests.swift */,
				84BF107129D908CE0096F0F2 /* AffectationRequests.swift */,
			);
			path = APIRequests;
			sourceTree = "<group>";
		};
		84D1ADA629D5C79400FAA040 /* DTO */ = {
			isa = PBXGroup;
			children = (
				84EA934B29C5465C005F63DD /* LoginResponse.swift */,
				84EA935129C55365005F63DD /* SignUpResponse.swift */,
				84D1ADA729D5C7AD00FAA040 /* AffectationJSON.swift */,
				84D1ADA929D6408000FAA040 /* FestivalJSON.swift */,
				84BF106129D864BB0096F0F2 /* BenevoleJSON.swift */,
			);
			path = DTO;
			sourceTree = "<group>";
		};
		84D1ADAF29D7944900FAA040 /* Admin */ = {
			isa = PBXGroup;
			children = (
				84D1ADB029D7945D00FAA040 /* CreateFestivalViewModel.swift */,
				84BF105729D856BD0096F0F2 /* AdminDashboardViewModel.swift */,
				84BF106329D8691C0096F0F2 /* ListeZonesFestivalViewModel.swift */,
				84BF106929D874270096F0F2 /* ModifierZoneViewModel.swift */,
				84BF105D29D85C160096F0F2 /* ListeBenevolesFestivalViewModel.swift */,
				84BF106F29D87F2B0096F0F2 /* CreateZoneViewModel.swift */,
			);
			path = Admin;
			sourceTree = "<group>";
		};
		84D1ADB229D7946200FAA040 /* Admin */ = {
			isa = PBXGroup;
			children = (
				84D1ADB329D7947500FAA040 /* CreateFestivalView.swift */,
				84B6CF8929CCF84800503E09 /* AdminDashboardView.swift */,
				84BF105929D85BB30096F0F2 /* ListeBenevolesFestivalView.swift */,
				84BF105B29D85BC50096F0F2 /* ListeZonesFestivalView.swift */,
				84BF106729D873D90096F0F2 /* ModifierZoneView.swift */,
				84BF106D29D87E570096F0F2 /* CreateZoneView.swift */,
			);
			path = Admin;
			sourceTree = "<group>";
		};
		84EA934D29C5490B005F63DD /* Models */ = {
			isa = PBXGroup;
			children = (
				8432E8FC29CF07C600B648A7 /* Benevoles */,
				8432E90129CF5B4100B648A7 /* Creneau.swift */,
				84D1ADAD29D6F07E00FAA040 /* Zone.swift */,
				8432E90329CF5CE600B648A7 /* FestivalModel.swift */,
			);
			path = Models;
			sourceTree = "<group>";
		};
		84EA934E29C54915005F63DD /* ViewModels */ = {
			isa = PBXGroup;
			children = (
				84D1ADAF29D7944900FAA040 /* Admin */,
				8432E8FB29CF07B400B648A7 /* Benevoles */,
				84EA934729C53DE7005F63DD /* LoginViewModel.swift */,
				84EA935329C5546C005F63DD /* SignUpViewModel.swift */,
				8432E90829D06B5500B648A7 /* ListeFestivalsViewModel.swift */,
				84BF105F29D85C780096F0F2 /* FestivalViewModel.swift */,
				84BF106529D86ACB0096F0F2 /* ZoneViewModel.swift */,
			);
			path = ViewModels;
			sourceTree = "<group>";
		};
		84EA934F29C54925005F63DD /* Extensions */ = {
			isa = PBXGroup;
			children = (
				84C50A9D29C44D9F00B0D2B6 /* Color+Extensions.swift */,
			);
			path = Extensions;
			sourceTree = "<group>";
		};
		84EA935029C5492C005F63DD /* Views */ = {
			isa = PBXGroup;
			children = (
				84D1ADB229D7946200FAA040 /* Admin */,
				8432E8FD29CF07D200B648A7 /* Benevoles */,
				84063A9C29C3351A00535547 /* LoginView.swift */,
				84063AA829C33BD300535547 /* SignUpView.swift */,
				8432E90629D06ADB00B648A7 /* ListeFestivalsView.swift */,
			);
			path = Views;
			sourceTree = "<group>";
		};
/* End PBXGroup section */

/* Begin PBXNativeTarget section */
		84063A9629C3351A00535547 /* GameFest */ = {
			isa = PBXNativeTarget;
			buildConfigurationList = 84063AA529C3352100535547 /* Build configuration list for PBXNativeTarget "GameFest" */;
			buildPhases = (
				84063A9329C3351A00535547 /* Sources */,
				84063A9429C3351A00535547 /* Frameworks */,
				84063A9529C3351A00535547 /* Resources */,
			);
			buildRules = (
			);
			dependencies = (
			);
			name = GameFest;
			productName = GameFest;
			productReference = 84063A9729C3351A00535547 /* GameFest.app */;
			productType = "com.apple.product-type.application";
		};
/* End PBXNativeTarget section */

/* Begin PBXProject section */
		84063A8F29C3351900535547 /* Project object */ = {
			isa = PBXProject;
			attributes = {
				BuildIndependentTargetsInParallel = 1;
				LastSwiftUpdateCheck = 1420;
				LastUpgradeCheck = 1420;
				TargetAttributes = {
					84063A9629C3351A00535547 = {
						CreatedOnToolsVersion = 14.2;
					};
				};
			};
			buildConfigurationList = 84063A9229C3351900535547 /* Build configuration list for PBXProject "GameFest" */;
			compatibilityVersion = "Xcode 14.0";
			developmentRegion = en;
			hasScannedForEncodings = 0;
			knownRegions = (
				en,
				Base,
			);
			mainGroup = 84063A8E29C3351900535547;
			productRefGroup = 84063A9829C3351A00535547 /* Products */;
			projectDirPath = "";
			projectRoot = "";
			targets = (
				84063A9629C3351A00535547 /* GameFest */,
			);
		};
/* End PBXProject section */

/* Begin PBXResourcesBuildPhase section */
		84063A9529C3351A00535547 /* Resources */ = {
			isa = PBXResourcesBuildPhase;
			buildActionMask = 2147483647;
			files = (
				84063AA229C3352100535547 /* Preview Assets.xcassets in Resources */,
				84063A9F29C3352100535547 /* Assets.xcassets in Resources */,
			);
			runOnlyForDeploymentPostprocessing = 0;
		};
/* End PBXResourcesBuildPhase section */

/* Begin PBXSourcesBuildPhase section */
		84063A9329C3351A00535547 /* Sources */ = {
			isa = PBXSourcesBuildPhase;
			buildActionMask = 2147483647;
			files = (
				84D1ADB429D7947500FAA040 /* CreateFestivalView.swift in Sources */,
				84063A9D29C3351A00535547 /* LoginView.swift in Sources */,
				84BF105829D856BD0096F0F2 /* AdminDashboardViewModel.swift in Sources */,
				84063AA929C33BD300535547 /* SignUpView.swift in Sources */,
				8432E90429CF5CE600B648A7 /* FestivalModel.swift in Sources */,
				84B6CF8A29CCF84800503E09 /* AdminDashboardView.swift in Sources */,
				84BF106629D86ACB0096F0F2 /* ZoneViewModel.swift in Sources */,
				84068B7729CDE3C600F3E360 /* AffectationListViewModel.swift in Sources */,
				84BF106229D864BB0096F0F2 /* BenevoleJSON.swift in Sources */,
				8432E90929D06B5500B648A7 /* ListeFestivalsViewModel.swift in Sources */,
				84BF107229D908CE0096F0F2 /* AffectationRequests.swift in Sources */,
				84EA934829C53DE7005F63DD /* LoginViewModel.swift in Sources */,
				8432E90229CF5B4100B648A7 /* Creneau.swift in Sources */,
				84063A9B29C3351A00535547 /* GameFestApp.swift in Sources */,
				84BF106029D85C780096F0F2 /* FestivalViewModel.swift in Sources */,
				8432E90029CF092E00B648A7 /* AuthRequests.swift in Sources */,
				84EA935429C5546C005F63DD /* SignUpViewModel.swift in Sources */,
				84BF105C29D85BC50096F0F2 /* ListeZonesFestivalView.swift in Sources */,
				84BF105E29D85C160096F0F2 /* ListeBenevolesFestivalViewModel.swift in Sources */,
				84068B7329CDE04900F3E360 /* AffectationModel.swift in Sources */,
				84BF106A29D874270096F0F2 /* ModifierZoneViewModel.swift in Sources */,
				84BF107029D87F2B0096F0F2 /* CreateZoneViewModel.swift in Sources */,
				84068B6D29CDC90E00F3E360 /* ModifierAffectationView.swift in Sources */,
				8432E90B29D080FB00B648A7 /* ModifierDisponibilitesViewModel.swift in Sources */,
				8432E90729D06ADB00B648A7 /* ListeFestivalsView.swift in Sources */,
				84D1ADA529D5C1DE00FAA040 /* BenevoleRequests.swift in Sources */,
				84068B6F29CDC94B00F3E360 /* ModifierDisponibilitesView.swift in Sources */,
				84D1ADAE29D6F07E00FAA040 /* Zone.swift in Sources */,
				84D1ADAA29D6408000FAA040 /* FestivalJSON.swift in Sources */,
				84EA935229C55365005F63DD /* SignUpResponse.swift in Sources */,
				84C50AA029C4781E00B0D2B6 /* BenevoleDashboardView.swift in Sources */,
				84068B7129CDCD1300F3E360 /* AffectationViewModel.swift in Sources */,
				84D1ADAC29D6EFEE00FAA040 /* FestivalRequests.swift in Sources */,
				84068B7929CE05DF00F3E360 /* BenevoleModel.swift in Sources */,
				84BF105A29D85BB30096F0F2 /* ListeBenevolesFestivalView.swift in Sources */,
				84D1ADB129D7945D00FAA040 /* CreateFestivalViewModel.swift in Sources */,
				84BF106E29D87E570096F0F2 /* CreateZoneView.swift in Sources */,
				84D1ADA829D5C7AD00FAA040 /* AffectationJSON.swift in Sources */,
				84C50A9E29C44D9F00B0D2B6 /* Color+Extensions.swift in Sources */,
				84BF106C29D8764B0096F0F2 /* ZoneRequests.swift in Sources */,
				84BF106829D873D90096F0F2 /* ModifierZoneView.swift in Sources */,
				84068B6B29CDBF0600F3E360 /* BenevoleDashboardViewModel.swift in Sources */,
				84EA934C29C5465C005F63DD /* LoginResponse.swift in Sources */,
				8432E90D29D081D700B648A7 /* BenevoleViewModel.swift in Sources */,
				84068B7529CDE2A800F3E360 /* ModifierAffectationViewModel.swift in Sources */,
				84BF106429D8691C0096F0F2 /* ListeZonesFestivalViewModel.swift in Sources */,
			);
			runOnlyForDeploymentPostprocessing = 0;
		};
/* End PBXSourcesBuildPhase section */

/* Begin XCBuildConfiguration section */
		84063AA329C3352100535547 /* Debug */ = {
			isa = XCBuildConfiguration;
			buildSettings = {
				ALWAYS_SEARCH_USER_PATHS = NO;
				CLANG_ANALYZER_NONNULL = YES;
				CLANG_ANALYZER_NUMBER_OBJECT_CONVERSION = YES_AGGRESSIVE;
				CLANG_CXX_LANGUAGE_STANDARD = "gnu++20";
				CLANG_ENABLE_MODULES = YES;
				CLANG_ENABLE_OBJC_ARC = YES;
				CLANG_ENABLE_OBJC_WEAK = YES;
				CLANG_WARN_BLOCK_CAPTURE_AUTORELEASING = YES;
				CLANG_WARN_BOOL_CONVERSION = YES;
				CLANG_WARN_COMMA = YES;
				CLANG_WARN_CONSTANT_CONVERSION = YES;
				CLANG_WARN_DEPRECATED_OBJC_IMPLEMENTATIONS = YES;
				CLANG_WARN_DIRECT_OBJC_ISA_USAGE = YES_ERROR;
				CLANG_WARN_DOCUMENTATION_COMMENTS = YES;
				CLANG_WARN_EMPTY_BODY = YES;
				CLANG_WARN_ENUM_CONVERSION = YES;
				CLANG_WARN_INFINITE_RECURSION = YES;
				CLANG_WARN_INT_CONVERSION = YES;
				CLANG_WARN_NON_LITERAL_NULL_CONVERSION = YES;
				CLANG_WARN_OBJC_IMPLICIT_RETAIN_SELF = YES;
				CLANG_WARN_OBJC_LITERAL_CONVERSION = YES;
				CLANG_WARN_OBJC_ROOT_CLASS = YES_ERROR;
				CLANG_WARN_QUOTED_INCLUDE_IN_FRAMEWORK_HEADER = YES;
				CLANG_WARN_RANGE_LOOP_ANALYSIS = YES;
				CLANG_WARN_STRICT_PROTOTYPES = YES;
				CLANG_WARN_SUSPICIOUS_MOVE = YES;
				CLANG_WARN_UNGUARDED_AVAILABILITY = YES_AGGRESSIVE;
				CLANG_WARN_UNREACHABLE_CODE = YES;
				CLANG_WARN__DUPLICATE_METHOD_MATCH = YES;
				COPY_PHASE_STRIP = NO;
				DEBUG_INFORMATION_FORMAT = dwarf;
				ENABLE_STRICT_OBJC_MSGSEND = YES;
				ENABLE_TESTABILITY = YES;
				GCC_C_LANGUAGE_STANDARD = gnu11;
				GCC_DYNAMIC_NO_PIC = NO;
				GCC_NO_COMMON_BLOCKS = YES;
				GCC_OPTIMIZATION_LEVEL = 0;
				GCC_PREPROCESSOR_DEFINITIONS = (
					"DEBUG=1",
					"$(inherited)",
				);
				GCC_WARN_64_TO_32_BIT_CONVERSION = YES;
				GCC_WARN_ABOUT_RETURN_TYPE = YES_ERROR;
				GCC_WARN_UNDECLARED_SELECTOR = YES;
				GCC_WARN_UNINITIALIZED_AUTOS = YES_AGGRESSIVE;
				GCC_WARN_UNUSED_FUNCTION = YES;
				GCC_WARN_UNUSED_VARIABLE = YES;
				IPHONEOS_DEPLOYMENT_TARGET = 16.2;
				MTL_ENABLE_DEBUG_INFO = INCLUDE_SOURCE;
				MTL_FAST_MATH = YES;
				ONLY_ACTIVE_ARCH = YES;
				SDKROOT = iphoneos;
				SWIFT_ACTIVE_COMPILATION_CONDITIONS = DEBUG;
				SWIFT_OPTIMIZATION_LEVEL = "-Onone";
			};
			name = Debug;
		};
		84063AA429C3352100535547 /* Release */ = {
			isa = XCBuildConfiguration;
			buildSettings = {
				ALWAYS_SEARCH_USER_PATHS = NO;
				CLANG_ANALYZER_NONNULL = YES;
				CLANG_ANALYZER_NUMBER_OBJECT_CONVERSION = YES_AGGRESSIVE;
				CLANG_CXX_LANGUAGE_STANDARD = "gnu++20";
				CLANG_ENABLE_MODULES = YES;
				CLANG_ENABLE_OBJC_ARC = YES;
				CLANG_ENABLE_OBJC_WEAK = YES;
				CLANG_WARN_BLOCK_CAPTURE_AUTORELEASING = YES;
				CLANG_WARN_BOOL_CONVERSION = YES;
				CLANG_WARN_COMMA = YES;
				CLANG_WARN_CONSTANT_CONVERSION = YES;
				CLANG_WARN_DEPRECATED_OBJC_IMPLEMENTATIONS = YES;
				CLANG_WARN_DIRECT_OBJC_ISA_USAGE = YES_ERROR;
				CLANG_WARN_DOCUMENTATION_COMMENTS = YES;
				CLANG_WARN_EMPTY_BODY = YES;
				CLANG_WARN_ENUM_CONVERSION = YES;
				CLANG_WARN_INFINITE_RECURSION = YES;
				CLANG_WARN_INT_CONVERSION = YES;
				CLANG_WARN_NON_LITERAL_NULL_CONVERSION = YES;
				CLANG_WARN_OBJC_IMPLICIT_RETAIN_SELF = YES;
				CLANG_WARN_OBJC_LITERAL_CONVERSION = YES;
				CLANG_WARN_OBJC_ROOT_CLASS = YES_ERROR;
				CLANG_WARN_QUOTED_INCLUDE_IN_FRAMEWORK_HEADER = YES;
				CLANG_WARN_RANGE_LOOP_ANALYSIS = YES;
				CLANG_WARN_STRICT_PROTOTYPES = YES;
				CLANG_WARN_SUSPICIOUS_MOVE = YES;
				CLANG_WARN_UNGUARDED_AVAILABILITY = YES_AGGRESSIVE;
				CLANG_WARN_UNREACHABLE_CODE = YES;
				CLANG_WARN__DUPLICATE_METHOD_MATCH = YES;
				COPY_PHASE_STRIP = NO;
				DEBUG_INFORMATION_FORMAT = "dwarf-with-dsym";
				ENABLE_NS_ASSERTIONS = NO;
				ENABLE_STRICT_OBJC_MSGSEND = YES;
				GCC_C_LANGUAGE_STANDARD = gnu11;
				GCC_NO_COMMON_BLOCKS = YES;
				GCC_WARN_64_TO_32_BIT_CONVERSION = YES;
				GCC_WARN_ABOUT_RETURN_TYPE = YES_ERROR;
				GCC_WARN_UNDECLARED_SELECTOR = YES;
				GCC_WARN_UNINITIALIZED_AUTOS = YES_AGGRESSIVE;
				GCC_WARN_UNUSED_FUNCTION = YES;
				GCC_WARN_UNUSED_VARIABLE = YES;
				IPHONEOS_DEPLOYMENT_TARGET = 16.2;
				MTL_ENABLE_DEBUG_INFO = NO;
				MTL_FAST_MATH = YES;
				SDKROOT = iphoneos;
				SWIFT_COMPILATION_MODE = wholemodule;
				SWIFT_OPTIMIZATION_LEVEL = "-O";
				VALIDATE_PRODUCT = YES;
			};
			name = Release;
		};
		84063AA629C3352100535547 /* Debug */ = {
			isa = XCBuildConfiguration;
			buildSettings = {
				ASSETCATALOG_COMPILER_APPICON_NAME = AppIcon;
				ASSETCATALOG_COMPILER_GLOBAL_ACCENT_COLOR_NAME = AccentColor;
				CODE_SIGN_STYLE = Automatic;
				CURRENT_PROJECT_VERSION = 1;
				DEVELOPMENT_ASSET_PATHS = "\"GameFest/Preview Content\"";
				ENABLE_PREVIEWS = YES;
				GENERATE_INFOPLIST_FILE = YES;
				INFOPLIST_KEY_UIApplicationSceneManifest_Generation = YES;
				INFOPLIST_KEY_UIApplicationSupportsIndirectInputEvents = YES;
				INFOPLIST_KEY_UILaunchScreen_Generation = YES;
				INFOPLIST_KEY_UISupportedInterfaceOrientations_iPad = "UIInterfaceOrientationPortrait UIInterfaceOrientationPortraitUpsideDown UIInterfaceOrientationLandscapeLeft UIInterfaceOrientationLandscapeRight";
				INFOPLIST_KEY_UISupportedInterfaceOrientations_iPhone = "UIInterfaceOrientationPortrait UIInterfaceOrientationLandscapeLeft UIInterfaceOrientationLandscapeRight";
				LD_RUNPATH_SEARCH_PATHS = (
					"$(inherited)",
					"@executable_path/Frameworks",
				);
				MARKETING_VERSION = 1.0;
				PRODUCT_BUNDLE_IDENTIFIER = info.GameFest;
				PRODUCT_NAME = "$(TARGET_NAME)";
				SWIFT_EMIT_LOC_STRINGS = YES;
				SWIFT_VERSION = 5.0;
				TARGETED_DEVICE_FAMILY = "1,2";
			};
			name = Debug;
		};
		84063AA729C3352100535547 /* Release */ = {
			isa = XCBuildConfiguration;
			buildSettings = {
				ASSETCATALOG_COMPILER_APPICON_NAME = AppIcon;
				ASSETCATALOG_COMPILER_GLOBAL_ACCENT_COLOR_NAME = AccentColor;
				CODE_SIGN_STYLE = Automatic;
				CURRENT_PROJECT_VERSION = 1;
				DEVELOPMENT_ASSET_PATHS = "\"GameFest/Preview Content\"";
				ENABLE_PREVIEWS = YES;
				GENERATE_INFOPLIST_FILE = YES;
				INFOPLIST_KEY_UIApplicationSceneManifest_Generation = YES;
				INFOPLIST_KEY_UIApplicationSupportsIndirectInputEvents = YES;
				INFOPLIST_KEY_UILaunchScreen_Generation = YES;
				INFOPLIST_KEY_UISupportedInterfaceOrientations_iPad = "UIInterfaceOrientationPortrait UIInterfaceOrientationPortraitUpsideDown UIInterfaceOrientationLandscapeLeft UIInterfaceOrientationLandscapeRight";
				INFOPLIST_KEY_UISupportedInterfaceOrientations_iPhone = "UIInterfaceOrientationPortrait UIInterfaceOrientationLandscapeLeft UIInterfaceOrientationLandscapeRight";
				LD_RUNPATH_SEARCH_PATHS = (
					"$(inherited)",
					"@executable_path/Frameworks",
				);
				MARKETING_VERSION = 1.0;
				PRODUCT_BUNDLE_IDENTIFIER = info.GameFest;
				PRODUCT_NAME = "$(TARGET_NAME)";
				SWIFT_EMIT_LOC_STRINGS = YES;
				SWIFT_VERSION = 5.0;
				TARGETED_DEVICE_FAMILY = "1,2";
			};
			name = Release;
		};
/* End XCBuildConfiguration section */

/* Begin XCConfigurationList section */
		84063A9229C3351900535547 /* Build configuration list for PBXProject "GameFest" */ = {
			isa = XCConfigurationList;
			buildConfigurations = (
				84063AA329C3352100535547 /* Debug */,
				84063AA429C3352100535547 /* Release */,
			);
			defaultConfigurationIsVisible = 0;
			defaultConfigurationName = Release;
		};
		84063AA529C3352100535547 /* Build configuration list for PBXNativeTarget "GameFest" */ = {
			isa = XCConfigurationList;
			buildConfigurations = (
				84063AA629C3352100535547 /* Debug */,
				84063AA729C3352100535547 /* Release */,
			);
			defaultConfigurationIsVisible = 0;
			defaultConfigurationName = Release;
		};
/* End XCConfigurationList section */
	};
	rootObject = 84063A8F29C3351900535547 /* Project object */;
}
